PODS:
  - Alamofire (3.1.5)
  - AlamofireObjectMapper (2.1.0):
    - Alamofire (~> 3.1.0)
    - ObjectMapper (~> 1.0)
  - DrawerController (1.1.0):
    - DrawerController/Core (= 1.1.0)
    - DrawerController/DrawerVisualStates (= 1.1.0)
  - DrawerController/Core (1.1.0)
  - DrawerController/DrawerVisualStates (1.1.0):
    - DrawerController/Core
  - FMDB (2.6.2):
    - FMDB/standard (= 2.6.2)
  - FMDB/standard (2.6.2)
  - FXBlurView (1.6.4)
  - Ji (1.2.0):
    - Ji/Ji (= 1.2.0)
  - Ji/Ji (1.2.0):
    - Ji/Ji-libxml
  - Ji/Ji-libxml (1.2.0)
  - Kingfisher (1.9.3)
  - KVOController (1.0.3)
  - MJRefresh (3.1.0)
  - ObjectMapper (1.1.5)
  - SDCycleScrollView (1.61):
    - SDWebImage (~> 3.7)
  - SDWebImage (3.7.5):
    - SDWebImage/Core (= 3.7.5)
  - SDWebImage/Core (3.7.5)
  - SnapKit (0.18.0)
  - SVProgressHUD (1.1.3)
  - YYText (0.9.19)

DEPENDENCIES:
  - Alamofire (~> 3.1.4)
  - AlamofireObjectMapper (~> 2.1.0)
  - DrawerController (~> 1.1.0)
  - FMDB
  - FXBlurView (~> 1.6.4)
  - Ji (~> 1.2.0)
  - Kingfisher (~> 1.9.1)
  - KVOController (~> 1.0.3)
  - MJRefresh (~> 3.1.0)
  - ObjectMapper (~> 1.1.1)
  - SDCycleScrollView (~> 1.61)
  - SnapKit (~> 0.18.0)
  - SVProgressHUD (~> 1.1.3)
  - YYText (~> 0.9.18)

SPEC CHECKSUMS:
  Alamofire: 5f730ba29fd113b7ddd71c1e65d0c630acf5d7b0
  AlamofireObjectMapper: 24097576202064f8b0a583452dd934064f78dc0e
  DrawerController: 8fd56e6238399a08c4af054fbea0ef8669cd81f3
  FMDB: 854a0341b4726e53276f2a8996f06f1b80f9259a
  FXBlurView: db786c2561cb49a09ae98407f52460096ab8a44f
  Ji: ddebb22f9ac445db6e884b66f78ea74fb135fdb7
  Kingfisher: 9e37d2a78a082dc123bfe8a16de65de85518daae
  KVOController: 9fd8f0343670994e4b6f9f0b31f5a45663f3e1cf
  MJRefresh: 743e6404967d1c2c688472ea3ecfde247d872db4
  ObjectMapper: 528b1a6677a6acac7747edd508576983e76a9148
  SDCycleScrollView: a002d85b30cfa9d0ac74069cd3973ca19ff4f22f
  SDWebImage: 69c6303e3348fba97e03f65d65d4fbc26740f461
  SnapKit: e1f090a6d47b1dd4bd89b73f72b6746a7835ef3c
  SVProgressHUD: 748080e4f36e603f6c02aec292664239df5279c1
  YYText: b823b71b99b526c4a81029ecb59f3d8172ed5c9a

COCOAPODS: 0.39.0
